
Microsoft Visual Studio Solution File, Format Version 12.00
# Visual Studio Version 17
VisualStudioVersion = 17.0.31903.59
MinimumVisualStudioVersion = 10.0.40219.1
Project("{FAE04EC0-301F-11D3-BF4B-00C04F79EFBC}") = "API", "API\API.csproj", "{3629B6D8-456F-4FBD-98F7-2A9DCDA083BC}"
EndProject
Project("{FAE04EC0-301F-11D3-BF4B-00C04F79EFBC}") = "Core", "Core\Core.csproj", "{C1A2C406-071D-4A6F-AC65-D5EF9D2BA06E}"
EndProject
Project("{FAE04EC0-301F-11D3-BF4B-00C04F79EFBC}") = "Infrastructure", "Infrastructure\Infrastructure.csproj", "{D71944D4-39FC-4374-A7BF-A4870A979892}"
EndProject
Global
	GlobalSection(SolutionConfigurationPlatforms) = preSolution
		Debug|Any CPU = Debug|Any CPU
		Release|Any CPU = Release|Any CPU
	EndGlobalSection
	GlobalSection(SolutionProperties) = preSolution
		HideSolutionNode = FALSE
	EndGlobalSection
	GlobalSection(ProjectConfigurationPlatforms) = postSolution
		{3629B6D8-456F-4FBD-98F7-2A9DCDA083BC}.Debug|Any CPU.ActiveCfg = Debug|Any CPU
		{3629B6D8-456F-4FBD-98F7-2A9DCDA083BC}.Debug|Any CPU.Build.0 = Debug|Any CPU
		{3629B6D8-456F-4FBD-98F7-2A9DCDA083BC}.Release|Any CPU.ActiveCfg = Release|Any CPU
		{3629B6D8-456F-4FBD-98F7-2A9DCDA083BC}.Release|Any CPU.Build.0 = Release|Any CPU
		{C1A2C406-071D-4A6F-AC65-D5EF9D2BA06E}.Debug|Any CPU.ActiveCfg = Debug|Any CPU
		{C1A2C406-071D-4A6F-AC65-D5EF9D2BA06E}.Debug|Any CPU.Build.0 = Debug|Any CPU
		{C1A2C406-071D-4A6F-AC65-D5EF9D2BA06E}.Release|Any CPU.ActiveCfg = Release|Any CPU
		{C1A2C406-071D-4A6F-AC65-D5EF9D2BA06E}.Release|Any CPU.Build.0 = Release|Any CPU
		{D71944D4-39FC-4374-A7BF-A4870A979892}.Debug|Any CPU.ActiveCfg = Debug|Any CPU
		{D71944D4-39FC-4374-A7BF-A4870A979892}.Debug|Any CPU.Build.0 = Debug|Any CPU
		{D71944D4-39FC-4374-A7BF-A4870A979892}.Release|Any CPU.ActiveCfg = Release|Any CPU
		{D71944D4-39FC-4374-A7BF-A4870A979892}.Release|Any CPU.Build.0 = Release|Any CPU
	EndGlobalSection
EndGlobal
